{
  "nodes": {
    "fish-bobthefish": {
      "flake": false,
      "info": {
        "lastModified": 1588602977,
        "narHash": "sha256-mJ592BHPFglEeAtOTDPheVgk2kiOev1MQaeJhldZWrs="
      },
      "locked": {
        "owner": "oh-my-fish",
        "repo": "theme-bobthefish",
        "rev": "a2ad38aa051aaed25ae3bd6129986e7f27d42d7b",
        "type": "github"
      },
      "original": {
        "owner": "oh-my-fish",
        "repo": "theme-bobthefish",
        "type": "github"
      }
    },
    "fish-z": {
      "flake": false,
      "info": {
        "lastModified": 1566207907,
        "narHash": "sha256-0LftxkN2c52p/sRW0lUZ4lZHLPbt4/jXHhhcnZs+sTA="
      },
      "locked": {
        "owner": "jethrokuan",
        "repo": "z",
        "rev": "ddeb28a7b6a1f0ec6dae40c636e5ca4908ad160a",
        "type": "github"
      },
      "original": {
        "owner": "jethrokuan",
        "repo": "z",
        "type": "github"
      }
    },
    "home-manager": {
      "flake": false,
      "info": {
        "lastModified": 1591999333,
        "narHash": "sha256-wOw70pcONKN21ELGhi/4azlhE7LTCUX19vvztXqXtTs="
      },
      "locked": {
        "owner": "rycee",
        "repo": "home-manager",
        "rev": "478022afadb1eff716b4ff66f3a1f2b92798d460",
        "type": "github"
      },
      "original": {
        "owner": "rycee",
        "repo": "home-manager",
        "type": "github"
      }
    },
    "i3-workspacer": {
      "flake": false,
      "info": {
        "lastModified": 1489953479,
        "narHash": "sha256-GLrWeOtEpA5iYcepIxFKPf1NTM8YCkuKmcmjaU5GVCY="
      },
      "locked": {
        "owner": "cameronleger",
        "repo": "i3-workspacer",
        "rev": "583d94894863369693a25080b76a2472fd359975",
        "type": "github"
      },
      "original": {
        "owner": "cameronleger",
        "repo": "i3-workspacer",
        "type": "github"
      }
    },
    "neuron": {
      "flake": false,
      "info": {
        "lastModified": 1591917257,
        "narHash": "sha256-/p/nLVlKKN5P3hDlmr31rZaw7GDm6omOGJe0Us5Rql0="
      },
      "locked": {
        "owner": "srid",
        "repo": "neuron",
        "rev": "956e78e9c328b664638926823302a5763015deb3",
        "type": "github"
      },
      "original": {
        "owner": "srid",
        "repo": "neuron",
        "type": "github"
      }
    },
    "neuron-vim": {
      "flake": false,
      "info": {
        "lastModified": 1591217903,
        "narHash": "sha256-lNiMWrRlumzMQI0WHVDYHvriqlT7u7dxHIeKKlgi4R0="
      },
      "locked": {
        "owner": "ihsanturk",
        "repo": "neuron.vim",
        "rev": "2389c1d700773a3d7c1da825b8c57a9eb83fac72",
        "type": "github"
      },
      "original": {
        "owner": "ihsanturk",
        "repo": "neuron.vim",
        "type": "github"
      }
    },
    "nixpkgs": {
      "info": {
        "lastModified": 1591465133,
        "narHash": "sha256-HdXyiHl8TumxQZhs2/DCSnqbi1GnvqXaZlsJneGf0g0="
      },
      "locked": {
        "owner": "NixOS",
        "repo": "nixpkgs",
        "rev": "029a5de08390bb03c3f44230b064fd1850c6658a",
        "type": "github"
      },
      "original": {
        "owner": "NixOS",
        "ref": "nixos-unstable",
        "repo": "nixpkgs",
        "type": "github"
      }
    },
    "nixpkgs_2": {
      "info": {
        "lastModified": 1591465133,
        "narHash": "sha256-HdXyiHl8TumxQZhs2/DCSnqbi1GnvqXaZlsJneGf0g0="
      },
      "locked": {
        "lastModified": 1591465133,
        "narHash": "sha256-HdXyiHl8TumxQZhs2/DCSnqbi1GnvqXaZlsJneGf0g0=",
        "path": "/nix/store/1a3fddx083bh2kjbfqjji6r6masjp021-source",
        "rev": "029a5de08390bb03c3f44230b064fd1850c6658a",
        "type": "path"
      },
      "original": {
        "id": "nixpkgs",
        "type": "indirect"
      }
    },
    "oh-my-tmux": {
      "flake": false,
      "info": {
        "lastModified": 1584538220,
        "narHash": "sha256-kRY7I0T7B9Oao0PmCzbXSVqHT3FLVmcQkmh5KxWXbsk="
      },
      "locked": {
        "owner": "gpakosz",
        "repo": ".tmux",
        "rev": "d6f0f647dd68561ed010f83d8d226383aebfb805",
        "type": "github"
      },
      "original": {
        "owner": "gpakosz",
        "repo": ".tmux",
        "type": "github"
      }
    },
    "poetry2nix": {
      "info": {
        "lastModified": 1591783276,
        "narHash": "sha256-S7G5E21wwW/h6RxoUsGVP55mZfDNIaCa0FIrF4mVLvU="
      },
      "inputs": {
        "nixpkgs": "nixpkgs_2"
      },
      "locked": {
        "owner": "nix-community",
        "repo": "poetry2nix",
        "rev": "31f9f723c327e0c9c2383a3dea9fa7d3af3ae55c",
        "type": "github"
      },
      "original": {
        "owner": "nix-community",
        "repo": "poetry2nix",
        "type": "github"
      }
    },
    "root": {
      "inputs": {
        "fish-bobthefish": "fish-bobthefish",
        "fish-z": "fish-z",
        "home-manager": "home-manager",
        "i3-workspacer": "i3-workspacer",
        "neuron": "neuron",
        "neuron-vim": "neuron-vim",
        "nixpkgs": "nixpkgs",
        "oh-my-tmux": "oh-my-tmux",
        "poetry2nix": "poetry2nix"
      }
    }
  },
  "root": "root",
  "version": 5
}
