{
  "nodes": {
    "fish-bobthefish": {
      "flake": false,
      "locked": {
        "lastModified": 1598623649,
        "narHash": "sha256-AjbusIhXR7WKNqvYmJqD7jZjdHJKrc+GUEOWE2VB0Ns=",
        "owner": "oh-my-fish",
        "repo": "theme-bobthefish",
        "rev": "df1333899d5562c7a4e419e3bfc650aa5d2fd103",
        "type": "github"
      },
      "original": {
        "owner": "oh-my-fish",
        "repo": "theme-bobthefish",
        "type": "github"
      }
    },
    "fish-gruvbox": {
      "flake": false,
      "locked": {
        "lastModified": 1580716987,
        "narHash": "sha256-Z7IqrxFCme0T5Oo6JeCJm2eqVovfcypKPTml3xrRd0I=",
        "owner": "Jomik",
        "repo": "fish-gruvbox",
        "rev": "d8c0463518fb95bed8818a1e7fe5da20cffe6fbd",
        "type": "github"
      },
      "original": {
        "owner": "Jomik",
        "repo": "fish-gruvbox",
        "type": "github"
      }
    },
    "fish-z": {
      "flake": false,
      "locked": {
        "lastModified": 1598175342,
        "narHash": "sha256-XavwWJsWhaGAqiGgTyXNB5bunuBYPChhKmPIJRuM0rk=",
        "owner": "jethrokuan",
        "repo": "z",
        "rev": "78861a85fc4da704cd7d669c1133355c89a4c667",
        "type": "github"
      },
      "original": {
        "owner": "jethrokuan",
        "repo": "z",
        "type": "github"
      }
    },
    "home-manager": {
      "flake": false,
      "locked": {
        "lastModified": 1600450519,
        "narHash": "sha256-JzfJPzOUTv2AA/FnRWTr2tNIvNtPNRoCilBqh3e+dtM=",
        "owner": "rycee",
        "repo": "home-manager",
        "rev": "9b1b55ba0264a55add4b7b4e022bdc2832b531f6",
        "type": "github"
      },
      "original": {
        "owner": "rycee",
        "repo": "home-manager",
        "type": "github"
      }
    },
    "i3-workspacer": {
      "flake": false,
      "locked": {
        "lastModified": 1489953479,
        "narHash": "sha256-GLrWeOtEpA5iYcepIxFKPf1NTM8YCkuKmcmjaU5GVCY=",
        "owner": "cameronleger",
        "repo": "i3-workspacer",
        "rev": "583d94894863369693a25080b76a2472fd359975",
        "type": "github"
      },
      "original": {
        "owner": "cameronleger",
        "repo": "i3-workspacer",
        "type": "github"
      }
    },
    "neuron": {
      "flake": false,
      "locked": {
        "lastModified": 1600628830,
        "narHash": "sha256-9SJ5jpE8LEa6DRrzcMIEmDBzW70NFQ0x7Vtp2P9KZJc=",
        "owner": "srid",
        "repo": "neuron",
        "rev": "d381da1db387203b5411f6da0febcde091a36768",
        "type": "github"
      },
      "original": {
        "owner": "srid",
        "repo": "neuron",
        "type": "github"
      }
    },
    "nixpkgs": {
      "locked": {
        "lastModified": 1600479855,
        "narHash": "sha256-jqmDpV+0DNZAK6CNbsN5WB3Wmzm9boofzzxGuz0MgKk=",
        "owner": "NixOS",
        "repo": "nixpkgs",
        "rev": "2a35f664394b379e0c0785cc769ff6ccc791be39",
        "type": "github"
      },
      "original": {
        "owner": "NixOS",
        "ref": "nixos-unstable",
        "repo": "nixpkgs",
        "type": "github"
      }
    },
    "oh-my-tmux": {
      "flake": false,
      "locked": {
        "lastModified": 1600459767,
        "narHash": "sha256-E1PA9DBBMdIYBy4+65G5eydpMVXCkr0Ltdbxaeqixs0=",
        "owner": "gpakosz",
        "repo": ".tmux",
        "rev": "fbe2eb311d38096534bba335a94172d47a34b139",
        "type": "github"
      },
      "original": {
        "owner": "gpakosz",
        "repo": ".tmux",
        "type": "github"
      }
    },
    "root": {
      "inputs": {
        "fish-bobthefish": "fish-bobthefish",
        "fish-gruvbox": "fish-gruvbox",
        "fish-z": "fish-z",
        "home-manager": "home-manager",
        "i3-workspacer": "i3-workspacer",
        "neuron": "neuron",
        "nixpkgs": "nixpkgs",
        "oh-my-tmux": "oh-my-tmux"
      }
    }
  },
  "root": "root",
  "version": 7
}
