{
  "nodes": {
    "devshell": {
      "locked": {
        "lastModified": 1634850494,
        "narHash": "sha256-8bD1CgAJovKjb88I9F/Lxa2Q9VdZBEJYX5rUqHHbaP4=",
        "owner": "numtide",
        "repo": "devshell",
        "rev": "d36e4ba27668f1620a5adebf5e0c724213a0f157",
        "type": "github"
      },
      "original": {
        "owner": "numtide",
        "repo": "devshell",
        "type": "github"
      }
    },
    "devshell_2": {
      "locked": {
        "lastModified": 1613310953,
        "narHash": "sha256-GhAwxJ0Jfsj8LIQmEQylpVkcThUJgPChjo48DZeBQZA=",
        "owner": "numtide",
        "repo": "devshell",
        "rev": "f64db97388dda7c2c6f8fb7aa5d6d08365fb1e01",
        "type": "github"
      },
      "original": {
        "owner": "numtide",
        "repo": "devshell",
        "type": "github"
      }
    },
    "fish-gruvbox": {
      "flake": false,
      "locked": {
        "lastModified": 1634049082,
        "narHash": "sha256-vL2/Nm9Z9cdaptx8sJqbX5AnRtfd68x4ZKWdQk5Cngo=",
        "owner": "Jomik",
        "repo": "fish-gruvbox",
        "rev": "80a6f3a7b31beb6f087b0c56cbf3470204759d1c",
        "type": "github"
      },
      "original": {
        "owner": "Jomik",
        "repo": "fish-gruvbox",
        "type": "github"
      }
    },
    "fish-tide": {
      "flake": false,
      "locked": {
        "lastModified": 1632265328,
        "narHash": "sha256-kqbdI69zVjNTi5vbz3sMcGDPXi6ueyqd628FgcOK+gM=",
        "owner": "IlanCosman",
        "repo": "tide",
        "rev": "3787c725f7f6a0253f59a2c0e9fde03202689c6c",
        "type": "github"
      },
      "original": {
        "owner": "IlanCosman",
        "repo": "tide",
        "type": "github"
      }
    },
    "fish-z": {
      "flake": false,
      "locked": {
        "lastModified": 1626157139,
        "narHash": "sha256-pWkEhjbcxXduyKz1mAFo90IuQdX7R8bLCQgb0R+hXs4=",
        "owner": "jethrokuan",
        "repo": "z",
        "rev": "45a9ff6d0932b0e9835cbeb60b9794ba706eef10",
        "type": "github"
      },
      "original": {
        "owner": "jethrokuan",
        "repo": "z",
        "type": "github"
      }
    },
    "flake-utils": {
      "locked": {
        "lastModified": 1610051610,
        "narHash": "sha256-U9rPz/usA1/Aohhk7Cmc2gBrEEKRzcW4nwPWMPwja4Y=",
        "owner": "numtide",
        "repo": "flake-utils",
        "rev": "3982c9903e93927c2164caa727cd3f6a0e6d14cc",
        "type": "github"
      },
      "original": {
        "owner": "numtide",
        "repo": "flake-utils",
        "type": "github"
      }
    },
    "home-manager": {
      "inputs": {
        "nixpkgs": [
          "nixpkgs"
        ]
      },
      "locked": {
        "lastModified": 1635672778,
        "narHash": "sha256-WW1Gew3tL0ScjTre5hSWlpKy27c1huLCLweS63u9Wv4=",
        "owner": "nix-community",
        "repo": "home-manager",
        "rev": "275f955db979e069fbe7a1fd7cfcb5ec030a2096",
        "type": "github"
      },
      "original": {
        "owner": "nix-community",
        "repo": "home-manager",
        "type": "github"
      }
    },
    "i3-workspacer": {
      "flake": false,
      "locked": {
        "lastModified": 1489953479,
        "narHash": "sha256-GLrWeOtEpA5iYcepIxFKPf1NTM8YCkuKmcmjaU5GVCY=",
        "owner": "cameronleger",
        "repo": "i3-workspacer",
        "rev": "583d94894863369693a25080b76a2472fd359975",
        "type": "github"
      },
      "original": {
        "owner": "cameronleger",
        "repo": "i3-workspacer",
        "type": "github"
      }
    },
    "naersk": {
      "inputs": {
        "nixpkgs": [
          "nixpkgs"
        ]
      },
      "locked": {
        "lastModified": 1629707199,
        "narHash": "sha256-sGxlmfp5eXL5sAMNqHSb04Zq6gPl+JeltIZ226OYN0w=",
        "owner": "nmattia",
        "repo": "naersk",
        "rev": "df71f5e4babda41cd919a8684b72218e2e809fa9",
        "type": "github"
      },
      "original": {
        "owner": "nmattia",
        "repo": "naersk",
        "type": "github"
      }
    },
    "naersk_2": {
      "inputs": {
        "nixpkgs": [
          "nixpkgs"
        ]
      },
      "locked": {
        "lastModified": 1612192764,
        "narHash": "sha256-7EnLtZQWP6511G1ZPA7FmJlqAr3hWsAYb24tvTvJ/ec=",
        "owner": "nmattia",
        "repo": "naersk",
        "rev": "6e149bfd726a8ebefa415f2d713ba6d942435abd",
        "type": "github"
      },
      "original": {
        "owner": "nmattia",
        "repo": "naersk",
        "type": "github"
      }
    },
    "nixpkgs": {
      "locked": {
        "lastModified": 1635632006,
        "narHash": "sha256-3axyuUgnsgfXic7CI/wDMuYp0HuIUF8qih65zqENcv8=",
        "owner": "NixOS",
        "repo": "nixpkgs",
        "rev": "4fe24a325d842bdfe8203d714ee83c1c2c81db62",
        "type": "github"
      },
      "original": {
        "owner": "NixOS",
        "ref": "nixos-unstable-small",
        "repo": "nixpkgs",
        "type": "github"
      }
    },
    "nixpkgs_2": {
      "locked": {
        "lastModified": 1630481079,
        "narHash": "sha256-leWXLchbAbqOlLT6tju631G40SzQWPqaAXQG3zH1Imw=",
        "owner": "nixos",
        "repo": "nixpkgs",
        "rev": "110a2c9ebbf5d4a94486854f18a37a938cfacbbb",
        "type": "github"
      },
      "original": {
        "owner": "nixos",
        "ref": "nixos-21.05",
        "repo": "nixpkgs",
        "type": "github"
      }
    },
    "nixpkgs_3": {
      "locked": {
        "lastModified": 1625223284,
        "narHash": "sha256-jjLcDSU1rRiJb+n3uez23XAa7kbnPcGZTa6jIKh1GMQ=",
        "owner": "NixOS",
        "repo": "nixpkgs",
        "rev": "357d2c8f6087685fe35cb1889a005a4dd4cce7b8",
        "type": "github"
      },
      "original": {
        "owner": "NixOS",
        "ref": "nixpkgs-unstable",
        "repo": "nixpkgs",
        "type": "github"
      }
    },
    "nixpkgs_4": {
      "locked": {
        "lastModified": 1613418107,
        "narHash": "sha256-UVG9gUzg9vZfmyLvz9pNUk1qxUWxHCZJWUULjlgxFTk=",
        "owner": "NixOS",
        "repo": "nixpkgs",
        "rev": "69d5df6303374e52f56eb57fa0ed38793ed03718",
        "type": "github"
      },
      "original": {
        "id": "nixpkgs",
        "type": "indirect"
      }
    },
    "oh-my-tmux": {
      "flake": false,
      "locked": {
        "lastModified": 1635700524,
        "narHash": "sha256-7oBgail7uQTgjWALHWbCLImGj7wv0ObiKD+J8uevqc8=",
        "owner": "gpakosz",
        "repo": ".tmux",
        "rev": "0da7d5c3db463a048b654bac79321d532a890271",
        "type": "github"
      },
      "original": {
        "owner": "gpakosz",
        "repo": ".tmux",
        "type": "github"
      }
    },
    "paperwm-next": {
      "flake": false,
      "locked": {
        "lastModified": 1617616509,
        "narHash": "sha256-gZbS2Xy+CuQfzzZ5IwMahr3VLtyTiLxJTJVawml9sXE=",
        "owner": "PaperWM",
        "repo": "PaperWM",
        "rev": "e9f714846b9eac8bdd5b33c3d33f1a9d2fbdecd4",
        "type": "github"
      },
      "original": {
        "owner": "PaperWM",
        "ref": "next-release",
        "repo": "PaperWM",
        "type": "github"
      }
    },
    "rnix-lsp": {
      "inputs": {
        "naersk": "naersk",
        "nixpkgs": "nixpkgs_2",
        "utils": "utils"
      },
      "locked": {
        "lastModified": 1634449716,
        "narHash": "sha256-JuRCU4KCIA3/pp8BjHqqF9dj1d2xtpkxKKAtSuOzTIY=",
        "owner": "nix-community",
        "repo": "rnix-lsp",
        "rev": "a2d06d2d2910cbe35b4f323a54ef484f51d71e20",
        "type": "github"
      },
      "original": {
        "owner": "nix-community",
        "repo": "rnix-lsp",
        "type": "github"
      }
    },
    "root": {
      "inputs": {
        "devshell": "devshell",
        "fish-gruvbox": "fish-gruvbox",
        "fish-tide": "fish-tide",
        "fish-z": "fish-z",
        "home-manager": "home-manager",
        "i3-workspacer": "i3-workspacer",
        "nixpkgs": "nixpkgs",
        "oh-my-tmux": "oh-my-tmux",
        "paperwm-next": "paperwm-next",
        "rnix-lsp": "rnix-lsp",
        "sops-nix": "sops-nix",
        "treefmt": "treefmt"
      }
    },
    "sops-nix": {
      "inputs": {
        "nixpkgs": "nixpkgs_3"
      },
      "locked": {
        "lastModified": 1633273832,
        "narHash": "sha256-oOjpMVYpkIUpiML61PeqTk+sg4juRvF7P6jroI/YvTw=",
        "owner": "Mic92",
        "repo": "sops-nix",
        "rev": "2e86e1698d53e5bd71d9de5f8b7e8f2f5458633c",
        "type": "github"
      },
      "original": {
        "owner": "Mic92",
        "repo": "sops-nix",
        "type": "github"
      }
    },
    "treefmt": {
      "inputs": {
        "devshell": "devshell_2",
        "flake-utils": "flake-utils",
        "naersk": "naersk_2",
        "nixpkgs": "nixpkgs_4"
      },
      "locked": {
        "lastModified": 1633875944,
        "narHash": "sha256-mwb/yQJJGf6Gwa/BWWQQbfRx/0LQNivAR1iS1aL1dzE=",
        "owner": "numtide",
        "repo": "treefmt",
        "rev": "70990b3924cb19ab090e23854811913d0d7c1864",
        "type": "github"
      },
      "original": {
        "owner": "numtide",
        "repo": "treefmt",
        "type": "github"
      }
    },
    "utils": {
      "locked": {
        "lastModified": 1629481132,
        "narHash": "sha256-JHgasjPR0/J1J3DRm4KxM4zTyAj4IOJY8vIl75v/kPI=",
        "owner": "numtide",
        "repo": "flake-utils",
        "rev": "997f7efcb746a9c140ce1f13c72263189225f482",
        "type": "github"
      },
      "original": {
        "owner": "numtide",
        "repo": "flake-utils",
        "type": "github"
      }
    }
  },
  "root": "root",
  "version": 7
}
